
Microsoft Visual Studio Solution File, Format Version 12.00
# Visual Studio Version 16
VisualStudioVersion = 16.0.31005.135
MinimumVisualStudioVersion = 10.0.40219.1
Project("{FAE04EC0-301F-11D3-BF4B-00C04F79EFBC}") = "HallOfFame", "HallOfFame.csproj", "{4B7ED757-8EC5-443F-99BD-5D41E54ECDDB}"
EndProject
Global
	GlobalSection(SolutionConfigurationPlatforms) = preSolution
		Debug|Any CPU = Debug|Any CPU
		Release|Any CPU = Release|Any CPU
	EndGlobalSection
	GlobalSection(ProjectConfigurationPlatforms) = postSolution
		{4B7ED757-8EC5-443F-99BD-5D41E54ECDDB}.Debug|Any CPU.ActiveCfg = Debug|Any CPU
		{4B7ED757-8EC5-443F-99BD-5D41E54ECDDB}.Debug|Any CPU.Build.0 = Debug|Any CPU
		{4B7ED757-8EC5-443F-99BD-5D41E54ECDDB}.Release|Any CPU.ActiveCfg = Release|Any CPU
		{4B7ED757-8EC5-443F-99BD-5D41E54ECDDB}.Release|Any CPU.Build.0 = Release|Any CPU
	EndGlobalSection
	GlobalSection(SolutionProperties) = preSolution
		HideSolutionNode = FALSE
	EndGlobalSection
	GlobalSection(ExtensibilityGlobals) = postSolution
		SolutionGuid = {E34635CA-5DCB-4A59-97CE-A79590A016ED}
	EndGlobalSection
EndGlobal
