
Microsoft Visual Studio Solution File, Format Version 12.00
# Visual Studio Version 16
VisualStudioVersion = 16.0.31005.135
MinimumVisualStudioVersion = 10.0.40219.1
Project("{FAE04EC0-301F-11D3-BF4B-00C04F79EFBC}") = "UnitTestApp", "UnitTestApp.csproj", "{0D39E609-82C2-4C0F-9A2C-7EE0EAF6D0D2}"
EndProject
Project("{FAE04EC0-301F-11D3-BF4B-00C04F79EFBC}") = "UnitTestAppTests", "..\UnitTestAppTests\UnitTestAppTests.csproj", "{EEC16F16-4A3C-4B92-B84E-43B33E6371E4}"
EndProject
Global
	GlobalSection(SolutionConfigurationPlatforms) = preSolution
		Debug|Any CPU = Debug|Any CPU
		Release|Any CPU = Release|Any CPU
	EndGlobalSection
	GlobalSection(ProjectConfigurationPlatforms) = postSolution
		{0D39E609-82C2-4C0F-9A2C-7EE0EAF6D0D2}.Debug|Any CPU.ActiveCfg = Debug|Any CPU
		{0D39E609-82C2-4C0F-9A2C-7EE0EAF6D0D2}.Debug|Any CPU.Build.0 = Debug|Any CPU
		{0D39E609-82C2-4C0F-9A2C-7EE0EAF6D0D2}.Release|Any CPU.ActiveCfg = Release|Any CPU
		{0D39E609-82C2-4C0F-9A2C-7EE0EAF6D0D2}.Release|Any CPU.Build.0 = Release|Any CPU
		{EEC16F16-4A3C-4B92-B84E-43B33E6371E4}.Debug|Any CPU.ActiveCfg = Debug|Any CPU
		{EEC16F16-4A3C-4B92-B84E-43B33E6371E4}.Debug|Any CPU.Build.0 = Debug|Any CPU
		{EEC16F16-4A3C-4B92-B84E-43B33E6371E4}.Release|Any CPU.ActiveCfg = Release|Any CPU
		{EEC16F16-4A3C-4B92-B84E-43B33E6371E4}.Release|Any CPU.Build.0 = Release|Any CPU
	EndGlobalSection
	GlobalSection(SolutionProperties) = preSolution
		HideSolutionNode = FALSE
	EndGlobalSection
	GlobalSection(ExtensibilityGlobals) = postSolution
		SolutionGuid = {7E51E1BB-4F2A-4E2C-A08F-65E5D652474C}
	EndGlobalSection
EndGlobal
