
Microsoft Visual Studio Solution File, Format Version 12.00
# Visual Studio Version 16
VisualStudioVersion = 16.0.31105.61
MinimumVisualStudioVersion = 10.0.40219.1
Project("{888888A0-9F3D-457C-B088-3A5042F75D52}") = "ABAP_Tests", "ABAP_Tests.pyproj", "{8DB88EEF-C12D-41D0-B1EB-C1FD862CEE26}"
EndProject
Global
	GlobalSection(SolutionConfigurationPlatforms) = preSolution
		Debug|Any CPU = Debug|Any CPU
		Release|Any CPU = Release|Any CPU
	EndGlobalSection
	GlobalSection(ProjectConfigurationPlatforms) = postSolution
		{8DB88EEF-C12D-41D0-B1EB-C1FD862CEE26}.Debug|Any CPU.ActiveCfg = Debug|Any CPU
		{8DB88EEF-C12D-41D0-B1EB-C1FD862CEE26}.Release|Any CPU.ActiveCfg = Release|Any CPU
	EndGlobalSection
	GlobalSection(SolutionProperties) = preSolution
		HideSolutionNode = FALSE
	EndGlobalSection
	GlobalSection(ExtensibilityGlobals) = postSolution
		SolutionGuid = {32B98A29-78E1-48C9-BB75-49D51AB2C398}
	EndGlobalSection
EndGlobal
